
Microsoft Visual Studio Solution File, Format Version 12.00
# Visual Studio Version 17
VisualStudioVersion = 17.14.37216.2
MinimumVisualStudioVersion = 10.0.40219.1
Project("{8BC9CEB8-8B4A-11D0-8D11-00A0C91BC942}") = "QtPlcBinderLib", "QtPlcBinderLib\QtPlcBinderLib.vcxproj", "{514AA7CA-3316-4B82-9B82-E796F627EFB8}"
EndProject
Project("{8BC9CEB8-8B4A-11D0-8D11-00A0C91BC942}") = "libTest", "libTest\libTest.vcxproj", "{52F473F4-AADD-44AF-A80D-E3B506EB3DF7}"
EndProject
Global
	GlobalSection(SolutionConfigurationPlatforms) = preSolution
		Debug|x64 = Debug|x64
		Debug|x86 = Debug|x86
		Release|x64 = Release|x64
		Release|x86 = Release|x86
	EndGlobalSection
	GlobalSection(ProjectConfigurationPlatforms) = postSolution
		{514AA7CA-3316-4B82-9B82-E796F627EFB8}.Debug|x64.ActiveCfg = Debug|x64
		{514AA7CA-3316-4B82-9B82-E796F627EFB8}.Debug|x64.Build.0 = Debug|x64
		{514AA7CA-3316-4B82-9B82-E796F627EFB8}.Debug|x86.ActiveCfg = Debug|Win32
		{514AA7CA-3316-4B82-9B82-E796F627EFB8}.Debug|x86.Build.0 = Debug|Win32
		{514AA7CA-3316-4B82-9B82-E796F627EFB8}.Release|x64.ActiveCfg = Release|x64
		{514AA7CA-3316-4B82-9B82-E796F627EFB8}.Release|x64.Build.0 = Release|x64
		{514AA7CA-3316-4B82-9B82-E796F627EFB8}.Release|x86.ActiveCfg = Release|Win32
		{514AA7CA-3316-4B82-9B82-E796F627EFB8}.Release|x86.Build.0 = Release|Win32
		{52F473F4-AADD-44AF-A80D-E3B506EB3DF7}.Debug|x64.ActiveCfg = Debug|x64
		{52F473F4-AADD-44AF-A80D-E3B506EB3DF7}.Debug|x64.Build.0 = Debug|x64
		{52F473F4-AADD-44AF-A80D-E3B506EB3DF7}.Debug|x86.ActiveCfg = Debug|x64
		{52F473F4-AADD-44AF-A80D-E3B506EB3DF7}.Debug|x86.Build.0 = Debug|x64
		{52F473F4-AADD-44AF-A80D-E3B506EB3DF7}.Release|x64.ActiveCfg = Release|x64
		{52F473F4-AADD-44AF-A80D-E3B506EB3DF7}.Release|x64.Build.0 = Release|x64
		{52F473F4-AADD-44AF-A80D-E3B506EB3DF7}.Release|x86.ActiveCfg = Release|x64
		{52F473F4-AADD-44AF-A80D-E3B506EB3DF7}.Release|x86.Build.0 = Release|x64
	EndGlobalSection
	GlobalSection(SolutionProperties) = preSolution
		HideSolutionNode = FALSE
	EndGlobalSection
	GlobalSection(ExtensibilityGlobals) = postSolution
		SolutionGuid = {A23F955A-6976-4664-A5E4-7814B8D96EA2}
	EndGlobalSection
EndGlobal
